// !$*UTF8*$!
{
	archiveVersion = 1;
	classes = {
	};
	objectVersion = 48;
	objects = {

/* Begin PBXBuildFile section */
		68989D8E204EC8A400BB0B74 /* AppDelegate.swift in Sources */ = {isa = PBXBuildFile; fileRef = 68989D8D204EC8A400BB0B74 /* AppDelegate.swift */; };
		68989D90204EC8A400BB0B74 /* ViewController.swift in Sources */ = {isa = PBXBuildFile; fileRef = 68989D8F204EC8A400BB0B74 /* ViewController.swift */; };
		68989D93204EC8A400BB0B74 /* Main.storyboard in Resources */ = {isa = PBXBuildFile; fileRef = 68989D91204EC8A400BB0B74 /* Main.storyboard */; };
		68989D95204EC8A400BB0B74 /* Assets.xcassets in Resources */ = {isa = PBXBuildFile; fileRef = 68989D94204EC8A400BB0B74 /* Assets.xcassets */; };
		68989D98204EC8A400BB0B74 /* LaunchScreen.storyboard in Resources */ = {isa = PBXBuildFile; fileRef = 68989D96204EC8A400BB0B74 /* LaunchScreen.storyboard */; };
		68989DA3204EC8A500BB0B74 /* UIPinchGestureTests.swift in Sources */ = {isa = PBXBuildFile; fileRef = 68989DA2204EC8A500BB0B74 /* UIPinchGestureTests.swift */; };
		68989DAE204EC8A500BB0B74 /* UIPinchGestureUITests.swift in Sources */ = {isa = PBXBuildFile; fileRef = 68989DAD204EC8A500BB0B74 /* UIPinchGestureUITests.swift */; };
/* End PBXBuildFile section */

/* Begin PBXContainerItemProxy section */
		68989D9F204EC8A500BB0B74 /* PBXContainerItemProxy */ = {
			isa = PBXContainerItemProxy;
			containerPortal = 68989D82204EC8A400BB0B74 /* Project object */;
			proxyType = 1;
			remoteGlobalIDString = 68989D89204EC8A400BB0B74;
			remoteInfo = UIPinchGesture;
		};
		68989DAA204EC8A500BB0B74 /* PBXContainerItemProxy */ = {
			isa = PBXContainerItemProxy;
			containerPortal = 68989D82204EC8A400BB0B74 /* Project object */;
			proxyType = 1;
			remoteGlobalIDString = 68989D89204EC8A400BB0B74;
			remoteInfo = UIPinchGesture;
		};
/* End PBXContainerItemProxy section */

/* Begin PBXFileReference section */
		68989D8A204EC8A400BB0B74 /* UIPinchGesture.app */ = {isa = PBXFileReference; explicitFileType = wrapper.application; includeInIndex = 0; path = UIPinchGesture.app; sourceTree = BUILT_PRODUCTS_DIR; };
		68989D8D204EC8A400BB0B74 /* AppDelegate.swift */ = {isa = PBXFileReference; lastKnownFileType = sourcecode.swift; path = AppDelegate.swift; sourceTree = "<group>"; };
		68989D8F204EC8A400BB0B74 /* ViewController.swift */ = {isa = PBXFileReference; lastKnownFileType = sourcecode.swift; path = ViewController.swift; sourceTree = "<group>"; };
		68989D92204EC8A400BB0B74 /* Base */ = {isa = PBXFileReference; lastKnownFileType = file.storyboard; name = Base; path = Base.lproj/Main.storyboard; sourceTree = "<group>"; };
		68989D94204EC8A400BB0B74 /* Assets.xcassets */ = {isa = PBXFileReference; lastKnownFileType = folder.assetcatalog; path = Assets.xcassets; sourceTree = "<group>"; };
		68989D97204EC8A400BB0B74 /* Base */ = {isa = PBXFileReference; lastKnownFileType = file.storyboard; name = Base; path = Base.lproj/LaunchScreen.storyboard; sourceTree = "<group>"; };
		68989D99204EC8A400BB0B74 /* Info.plist */ = {isa = PBXFileReference; lastKnownFileType = text.plist.xml; path = Info.plist; sourceTree = "<group>"; };
		68989D9E204EC8A500BB0B74 /* UIPinchGestureTests.xctest */ = {isa = PBXFileReference; explicitFileType = wrapper.cfbundle; includeInIndex = 0; path = UIPinchGestureTests.xctest; sourceTree = BUILT_PRODUCTS_DIR; };
		68989DA2204EC8A500BB0B74 /* UIPinchGestureTests.swift */ = {isa = PBXFileReference; lastKnownFileType = sourcecode.swift; path = UIPinchGestureTests.swift; sourceTree = "<group>"; };
		68989DA4204EC8A500BB0B74 /* Info.plist */ = {isa = PBXFileReference; lastKnownFileType = text.plist.xml; path = Info.plist; sourceTree = "<group>"; };
		68989DA9204EC8A500BB0B74 /* UIPinchGestureUITests.xctest */ = {isa = PBXFileReference; explicitFileType = wrapper.cfbundle; includeInIndex = 0; path = UIPinchGestureUITests.xctest; sourceTree = BUILT_PRODUCTS_DIR; };
		68989DAD204EC8A500BB0B74 /* UIPinchGestureUITests.swift */ = {isa = PBXFileReference; lastKnownFileType = sourcecode.swift; path = UIPinchGestureUITests.swift; sourceTree = "<group>"; };
		68989DAF204EC8A500BB0B74 /* Info.plist */ = {isa = PBXFileReference; lastKnownFileType = text.plist.xml; path = Info.plist; sourceTree = "<group>"; };
/* End PBXFileReference section */

/* Begin PBXFrameworksBuildPhase section */
		68989D87204EC8A400BB0B74 /* Frameworks */ = {
			isa = PBXFrameworksBuildPhase;
			buildActionMask = 2147483647;
			files = (
			);
			runOnlyForDeploymentPostprocessing = 0;
		};
		68989D9B204EC8A500BB0B74 /* Frameworks */ = {
			isa = PBXFrameworksBuildPhase;
			buildActionMask = 2147483647;
			files = (
			);
			runOnlyForDeploymentPostprocessing = 0;
		};
		68989DA6204EC8A500BB0B74 /* Frameworks */ = {
			isa = PBXFrameworksBuildPhase;
			buildActionMask = 2147483647;
			files = (
			);
			runOnlyForDeploymentPostprocessing = 0;
		};
/* End PBXFrameworksBuildPhase section */

/* Begin PBXGroup section */
		68989D81204EC8A400BB0B74 = {
			isa = PBXGroup;
			children = (
				68989D8C204EC8A400BB0B74 /* UIPinchGesture */,
				68989DA1204EC8A500BB0B74 /* UIPinchGestureTests */,
				68989DAC204EC8A500BB0B74 /* UIPinchGestureUITests */,
				68989D8B204EC8A400BB0B74 /* Products */,
			);
			sourceTree = "<group>";
		};
		68989D8B204EC8A400BB0B74 /* Products */ = {
			isa = PBXGroup;
			children = (
				68989D8A204EC8A400BB0B74 /* UIPinchGesture.app */,
				68989D9E204EC8A500BB0B74 /* UIPinchGestureTests.xctest */,
				68989DA9204EC8A500BB0B74 /* UIPinchGestureUITests.xctest */,
			);
			name = Products;
			sourceTree = "<group>";
		};
		68989D8C204EC8A400BB0B74 /* UIPinchGesture */ = {
			isa = PBXGroup;
			children = (
				68989D8D204EC8A400BB0B74 /* AppDelegate.swift */,
				68989D8F204EC8A400BB0B74 /* ViewController.swift */,
				68989D91204EC8A400BB0B74 /* Main.storyboard */,
				68989D94204EC8A400BB0B74 /* Assets.xcassets */,
				68989D96204EC8A400BB0B74 /* LaunchScreen.storyboard */,
				68989D99204EC8A400BB0B74 /* Info.plist */,
			);
			path = UIPinchGesture;
			sourceTree = "<group>";
		};
		68989DA1204EC8A500BB0B74 /* UIPinchGestureTests */ = {
			isa = PBXGroup;
			children = (
				68989DA2204EC8A500BB0B74 /* UIPinchGestureTests.swift */,
				68989DA4204EC8A500BB0B74 /* Info.plist */,
			);
			path = UIPinchGestureTests;
			sourceTree = "<group>";
		};
		68989DAC204EC8A500BB0B74 /* UIPinchGestureUITests */ = {
			isa = PBXGroup;
			children = (
				68989DAD204EC8A500BB0B74 /* UIPinchGestureUITests.swift */,
				68989DAF204EC8A500BB0B74 /* Info.plist */,
			);
			path = UIPinchGestureUITests;
			sourceTree = "<group>";
		};
/* End PBXGroup section */

/* Begin PBXNativeTarget section */
		68989D89204EC8A400BB0B74 /* UIPinchGesture */ = {
			isa = PBXNativeTarget;
			buildConfigurationList = 68989DB2204EC8A500BB0B74 /* Build configuration list for PBXNativeTarget "UIPinchGesture" */;
			buildPhases = (
				68989D86204EC8A400BB0B74 /* Sources */,
				68989D87204EC8A400BB0B74 /* Frameworks */,
				68989D88204EC8A400BB0B74 /* Resources */,
			);
			buildRules = (
			);
			dependencies = (
			);
			name = UIPinchGesture;
			productName = UIPinchGesture;
			productReference = 68989D8A204EC8A400BB0B74 /* UIPinchGesture.app */;
			productType = "com.apple.product-type.application";
		};
		68989D9D204EC8A500BB0B74 /* UIPinchGestureTests */ = {
			isa = PBXNativeTarget;
			buildConfigurationList = 68989DB5204EC8A500BB0B74 /* Build configuration list for PBXNativeTarget "UIPinchGestureTests" */;
			buildPhases = (
				68989D9A204EC8A500BB0B74 /* Sources */,
				68989D9B204EC8A500BB0B74 /* Frameworks */,
				68989D9C204EC8A500BB0B74 /* Resources */,
			);
			buildRules = (
			);
			dependencies = (
				68989DA0204EC8A500BB0B74 /* PBXTargetDependency */,
			);
			name = UIPinchGestureTests;
			productName = UIPinchGestureTests;
			productReference = 68989D9E204EC8A500BB0B74 /* UIPinchGestureTests.xctest */;
			productType = "com.apple.product-type.bundle.unit-test";
		};
		68989DA8204EC8A500BB0B74 /* UIPinchGestureUITests */ = {
			isa = PBXNativeTarget;
			buildConfigurationList = 68989DB8204EC8A500BB0B74 /* Build configuration list for PBXNativeTarget "UIPinchGestureUITests" */;
			buildPhases = (
				68989DA5204EC8A500BB0B74 /* Sources */,
				68989DA6204EC8A500BB0B74 /* Frameworks */,
				68989DA7204EC8A500BB0B74 /* Resources */,
			);
			buildRules = (
			);
			dependencies = (
				68989DAB204EC8A500BB0B74 /* PBXTargetDependency */,
			);
			name = UIPinchGestureUITests;
			productName = UIPinchGestureUITests;
			productReference = 68989DA9204EC8A500BB0B74 /* UIPinchGestureUITests.xctest */;
			productType = "com.apple.product-type.bundle.ui-testing";
		};
/* End PBXNativeTarget section */

/* Begin PBXProject section */
		68989D82204EC8A400BB0B74 /* Project object */ = {
			isa = PBXProject;
			attributes = {
				LastSwiftUpdateCheck = 0920;
				LastUpgradeCheck = 0920;
				ORGANIZATIONNAME = MyCompany;
				TargetAttributes = {
					68989D89204EC8A400BB0B74 = {
						CreatedOnToolsVersion = 9.2;
						ProvisioningStyle = Automatic;
					};
					68989D9D204EC8A500BB0B74 = {
						CreatedOnToolsVersion = 9.2;
						ProvisioningStyle = Automatic;
						TestTargetID = 68989D89204EC8A400BB0B74;
					};
					68989DA8204EC8A500BB0B74 = {
						CreatedOnToolsVersion = 9.2;
						ProvisioningStyle = Automatic;
						TestTargetID = 68989D89204EC8A400BB0B74;
					};
				};
			};
			buildConfigurationList = 68989D85204EC8A400BB0B74 /* Build configuration list for PBXProject "UIPinchGesture" */;
			compatibilityVersion = "Xcode 8.0";
			developmentRegion = en;
			hasScannedForEncodings = 0;
			knownRegions = (
				en,
				Base,
			);
			mainGroup = 68989D81204EC8A400BB0B74;
			productRefGroup = 68989D8B204EC8A400BB0B74 /* Products */;
			projectDirPath = "";
			projectRoot = "";
			targets = (
				68989D89204EC8A400BB0B74 /* UIPinchGesture */,
				68989D9D204EC8A500BB0B74 /* UIPinchGestureTests */,
				68989DA8204EC8A500BB0B74 /* UIPinchGestureUITests */,
			);
		};
/* End PBXProject section */

/* Begin PBXResourcesBuildPhase section */
		68989D88204EC8A400BB0B74 /* Resources */ = {
			isa = PBXResourcesBuildPhase;
			buildActionMask = 2147483647;
			files = (
				68989D98204EC8A400BB0B74 /* LaunchScreen.storyboard in Resources */,
				68989D95204EC8A400BB0B74 /* Assets.xcassets in Resources */,
				68989D93204EC8A400BB0B74 /* Main.storyboard in Resources */,
			);
			runOnlyForDeploymentPostprocessing = 0;
		};
		68989D9C204EC8A500BB0B74 /* Resources */ = {
			isa = PBXResourcesBuildPhase;
			buildActionMask = 2147483647;
			files = (
			);
			runOnlyForDeploymentPostprocessing = 0;
		};
		68989DA7204EC8A500BB0B74 /* Resources */ = {
			isa = PBXResourcesBuildPhase;
			buildActionMask = 2147483647;
			files = (
			);
			runOnlyForDeploymentPostprocessing = 0;
		};
/* End PBXResourcesBuildPhase section */

/* Begin PBXSourcesBuildPhase section */
		68989D86204EC8A400BB0B74 /* Sources */ = {
			isa = PBXSourcesBuildPhase;
			buildActionMask = 2147483647;
			files = (
				68989D90204EC8A400BB0B74 /* ViewController.swift in Sources */,
				68989D8E204EC8A400BB0B74 /* AppDelegate.swift in Sources */,
			);
			runOnlyForDeploymentPostprocessing = 0;
		};
		68989D9A204EC8A500BB0B74 /* Sources */ = {
			isa = PBXSourcesBuildPhase;
			buildActionMask = 2147483647;
			files = (
				68989DA3204EC8A500BB0B74 /* UIPinchGestureTests.swift in Sources */,
			);
			runOnlyForDeploymentPostprocessing = 0;
		};
		68989DA5204EC8A500BB0B74 /* Sources */ = {
			isa = PBXSourcesBuildPhase;
			buildActionMask = 2147483647;
			files = (
				68989DAE204EC8A500BB0B74 /* UIPinchGestureUITests.swift in Sources */,
			);
			runOnlyForDeploymentPostprocessing = 0;
		};
/* End PBXSourcesBuildPhase section */

/* Begin PBXTargetDependency section */
		68989DA0204EC8A500BB0B74 /* PBXTargetDependency */ = {
			isa = PBXTargetDependency;
			target = 68989D89204EC8A400BB0B74 /* UIPinchGesture */;
			targetProxy = 68989D9F204EC8A500BB0B74 /* PBXContainerItemProxy */;
		};
		68989DAB204EC8A500BB0B74 /* PBXTargetDependency */ = {
			isa = PBXTargetDependency;
			target = 68989D89204EC8A400BB0B74 /* UIPinchGesture */;
			targetProxy = 68989DAA204EC8A500BB0B74 /* PBXContainerItemProxy */;
		};
/* End PBXTargetDependency section */

/* Begin PBXVariantGroup section */
		68989D91204EC8A400BB0B74 /* Main.storyboard */ = {
			isa = PBXVariantGroup;
			children = (
				68989D92204EC8A400BB0B74 /* Base */,
			);
			name = Main.storyboard;
			sourceTree = "<group>";
		};
		68989D96204EC8A400BB0B74 /* LaunchScreen.storyboard */ = {
			isa = PBXVariantGroup;
			children = (
				68989D97204EC8A400BB0B74 /* Base */,
			);
			name = LaunchScreen.storyboard;
			sourceTree = "<group>";
		};
/* End PBXVariantGroup section */

/* Begin XCBuildConfiguration section */
		68989DB0204EC8A500BB0B74 /* Debug */ = {
			isa = XCBuildConfiguration;
			buildSettings = {
				ALWAYS_SEARCH_USER_PATHS = NO;
				CLANG_ANALYZER_NONNULL = YES;
				CLANG_ANALYZER_NUMBER_OBJECT_CONVERSION = YES_AGGRESSIVE;
				CLANG_CXX_LANGUAGE_STANDARD = "gnu++14";
				CLANG_CXX_LIBRARY = "libc++";
				CLANG_ENABLE_MODULES = YES;
				CLANG_ENABLE_OBJC_ARC = YES;
				CLANG_WARN_BLOCK_CAPTURE_AUTORELEASING = YES;
				CLANG_WARN_BOOL_CONVERSION = YES;
				CLANG_WARN_COMMA = YES;
				CLANG_WARN_CONSTANT_CONVERSION = YES;
				CLANG_WARN_DIRECT_OBJC_ISA_USAGE = YES_ERROR;
				CLANG_WARN_DOCUMENTATION_COMMENTS = YES;
				CLANG_WARN_EMPTY_BODY = YES;
				CLANG_WARN_ENUM_CONVERSION = YES;
				CLANG_WARN_INFINITE_RECURSION = YES;
				CLANG_WARN_INT_CONVERSION = YES;
				CLANG_WARN_NON_LITERAL_NULL_CONVERSION = YES;
				CLANG_WARN_OBJC_LITERAL_CONVERSION = YES;
				CLANG_WARN_OBJC_ROOT_CLASS = YES_ERROR;
				CLANG_WARN_RANGE_LOOP_ANALYSIS = YES;
				CLANG_WARN_STRICT_PROTOTYPES = YES;
				CLANG_WARN_SUSPICIOUS_MOVE = YES;
				CLANG_WARN_UNGUARDED_AVAILABILITY = YES_AGGRESSIVE;
				CLANG_WARN_UNREACHABLE_CODE = YES;
				CLANG_WARN__DUPLICATE_METHOD_MATCH = YES;
				CODE_SIGN_IDENTITY = "iPhone Developer";
				COPY_PHASE_STRIP = NO;
				DEBUG_INFORMATION_FORMAT = dwarf;
				ENABLE_STRICT_OBJC_MSGSEND = YES;
				ENABLE_TESTABILITY = YES;
				GCC_C_LANGUAGE_STANDARD = gnu11;
				GCC_DYNAMIC_NO_PIC = NO;
				GCC_NO_COMMON_BLOCKS = YES;
				GCC_OPTIMIZATION_LEVEL = 0;
				GCC_PREPROCESSOR_DEFINITIONS = (
					"DEBUG=1",
					"$(inherited)",
				);
				GCC_WARN_64_TO_32_BIT_CONVERSION = YES;
				GCC_WARN_ABOUT_RETURN_TYPE = YES_ERROR;
				GCC_WARN_UNDECLARED_SELECTOR = YES;
				GCC_WARN_UNINITIALIZED_AUTOS = YES_AGGRESSIVE;
				GCC_WARN_UNUSED_FUNCTION = YES;
				GCC_WARN_UNUSED_VARIABLE = YES;
				IPHONEOS_DEPLOYMENT_TARGET = 11.2;
				MTL_ENABLE_DEBUG_INFO = YES;
				ONLY_ACTIVE_ARCH = YES;
				SDKROOT = iphoneos;
				SWIFT_ACTIVE_COMPILATION_CONDITIONS = DEBUG;
				SWIFT_OPTIMIZATION_LEVEL = "-Onone";
			};
			name = Debug;
		};
		68989DB1204EC8A500BB0B74 /* Release */ = {
			isa = XCBuildConfiguration;
			buildSettings = {
				ALWAYS_SEARCH_USER_PATHS = NO;
				CLANG_ANALYZER_NONNULL = YES;
				CLANG_ANALYZER_NUMBER_OBJECT_CONVERSION = YES_AGGRESSIVE;
				CLANG_CXX_LANGUAGE_STANDARD = "gnu++14";
				CLANG_CXX_LIBRARY = "libc++";
				CLANG_ENABLE_MODULES = YES;
				CLANG_ENABLE_OBJC_ARC = YES;
				CLANG_WARN_BLOCK_CAPTURE_AUTORELEASING = YES;
				CLANG_WARN_BOOL_CONVERSION = YES;
				CLANG_WARN_COMMA = YES;
				CLANG_WARN_CONSTANT_CONVERSION = YES;
				CLANG_WARN_DIRECT_OBJC_ISA_USAGE = YES_ERROR;
				CLANG_WARN_DOCUMENTATION_COMMENTS = YES;
				CLANG_WARN_EMPTY_BODY = YES;
				CLANG_WARN_ENUM_CONVERSION = YES;
				CLANG_WARN_INFINITE_RECURSION = YES;
				CLANG_WARN_INT_CONVERSION = YES;
				CLANG_WARN_NON_LITERAL_NULL_CONVERSION = YES;
				CLANG_WARN_OBJC_LITERAL_CONVERSION = YES;
				CLANG_WARN_OBJC_ROOT_CLASS = YES_ERROR;
				CLANG_WARN_RANGE_LOOP_ANALYSIS = YES;
				CLANG_WARN_STRICT_PROTOTYPES = YES;
				CLANG_WARN_SUSPICIOUS_MOVE = YES;
				CLANG_WARN_UNGUARDED_AVAILABILITY = YES_AGGRESSIVE;
				CLANG_WARN_UNREACHABLE_CODE = YES;
				CLANG_WARN__DUPLICATE_METHOD_MATCH = YES;
				CODE_SIGN_IDENTITY = "iPhone Developer";
				COPY_PHASE_STRIP = NO;
				DEBUG_INFORMATION_FORMAT = "dwarf-with-dsym";
				ENABLE_NS_ASSERTIONS = NO;
				ENABLE_STRICT_OBJC_MSGSEND = YES;
				GCC_C_LANGUAGE_STANDARD = gnu11;
				GCC_NO_COMMON_BLOCKS = YES;
				GCC_WARN_64_TO_32_BIT_CONVERSION = YES;
				GCC_WARN_ABOUT_RETURN_TYPE = YES_ERROR;
				GCC_WARN_UNDECLARED_SELECTOR = YES;
				GCC_WARN_UNINITIALIZED_AUTOS = YES_AGGRESSIVE;
				GCC_WARN_UNUSED_FUNCTION = YES;
				GCC_WARN_UNUSED_VARIABLE = YES;
				IPHONEOS_DEPLOYMENT_TARGET = 11.2;
				MTL_ENABLE_DEBUG_INFO = NO;
				SDKROOT = iphoneos;
				SWIFT_OPTIMIZATION_LEVEL = "-Owholemodule";
				VALIDATE_PRODUCT = YES;
			};
			name = Release;
		};
		68989DB3204EC8A500BB0B74 /* Debug */ = {
			isa = XCBuildConfiguration;
			buildSettings = {
				ASSETCATALOG_COMPILER_APPICON_NAME = AppIcon;
				CODE_SIGN_STYLE = Automatic;
				INFOPLIST_FILE = UIPinchGesture/Info.plist;
				LD_RUNPATH_SEARCH_PATHS = "$(inherited) @executable_path/Frameworks";
				PRODUCT_BUNDLE_IDENTIFIER = com.mycompany.myapp.UIPinchGesture;
				PRODUCT_NAME = "$(TARGET_NAME)";
				SWIFT_VERSION = 4.0;
				TARGETED_DEVICE_FAMILY = "1,2";
			};
			name = Debug;
		};
		68989DB4204EC8A500BB0B74 /* Release */ = {
			isa = XCBuildConfiguration;
			buildSettings = {
				ASSETCATALOG_COMPILER_APPICON_NAME = AppIcon;
				CODE_SIGN_STYLE = Automatic;
				INFOPLIST_FILE = UIPinchGesture/Info.plist;
				LD_RUNPATH_SEARCH_PATHS = "$(inherited) @executable_path/Frameworks";
				PRODUCT_BUNDLE_IDENTIFIER = com.mycompany.myapp.UIPinchGesture;
				PRODUCT_NAME = "$(TARGET_NAME)";
				SWIFT_VERSION = 4.0;
				TARGETED_DEVICE_FAMILY = "1,2";
			};
			name = Release;
		};
		68989DB6204EC8A500BB0B74 /* Debug */ = {
			isa = XCBuildConfiguration;
			buildSettings = {
				ALWAYS_EMBED_SWIFT_STANDARD_LIBRARIES = YES;
				BUNDLE_LOADER = "$(TEST_HOST)";
				CODE_SIGN_STYLE = Automatic;
				INFOPLIST_FILE = UIPinchGestureTests/Info.plist;
				LD_RUNPATH_SEARCH_PATHS = "$(inherited) @executable_path/Frameworks @loader_path/Frameworks";
				PRODUCT_BUNDLE_IDENTIFIER = com.mycompany.myapp.UIPinchGestureTests;
				PRODUCT_NAME = "$(TARGET_NAME)";
				SWIFT_VERSION = 4.0;
				TARGETED_DEVICE_FAMILY = "1,2";
				TEST_HOST = "$(BUILT_PRODUCTS_DIR)/UIPinchGesture.app/UIPinchGesture";
			};
			name = Debug;
		};
		68989DB7204EC8A500BB0B74 /* Release */ = {
			isa = XCBuildConfiguration;
			buildSettings = {
				ALWAYS_EMBED_SWIFT_STANDARD_LIBRARIES = YES;
				BUNDLE_LOADER = "$(TEST_HOST)";
				CODE_SIGN_STYLE = Automatic;
				INFOPLIST_FILE = UIPinchGestureTests/Info.plist;
				LD_RUNPATH_SEARCH_PATHS = "$(inherited) @executable_path/Frameworks @loader_path/Frameworks";
				PRODUCT_BUNDLE_IDENTIFIER = com.mycompany.myapp.UIPinchGestureTests;
				PRODUCT_NAME = "$(TARGET_NAME)";
				SWIFT_VERSION = 4.0;
				TARGETED_DEVICE_FAMILY = "1,2";
				TEST_HOST = "$(BUILT_PRODUCTS_DIR)/UIPinchGesture.app/UIPinchGesture";
			};
			name = Release;
		};
		68989DB9204EC8A500BB0B74 /* Debug */ = {
			isa = XCBuildConfiguration;
			buildSettings = {
				ALWAYS_EMBED_SWIFT_STANDARD_LIBRARIES = YES;
				CODE_SIGN_STYLE = Automatic;
				INFOPLIST_FILE = UIPinchGestureUITests/Info.plist;
				LD_RUNPATH_SEARCH_PATHS = "$(inherited) @executable_path/Frameworks @loader_path/Frameworks";
				PRODUCT_BUNDLE_IDENTIFIER = com.mycompany.myapp.UIPinchGestureUITests;
				PRODUCT_NAME = "$(TARGET_NAME)";
				SWIFT_VERSION = 4.0;
				TARGETED_DEVICE_FAMILY = "1,2";
				TEST_TARGET_NAME = UIPinchGesture;
			};
			name = Debug;
		};
		68989DBA204EC8A500BB0B74 /* Release */ = {
			isa = XCBuildConfiguration;
			buildSettings = {
				ALWAYS_EMBED_SWIFT_STANDARD_LIBRARIES = YES;
				CODE_SIGN_STYLE = Automatic;
				INFOPLIST_FILE = UIPinchGestureUITests/Info.plist;
				LD_RUNPATH_SEARCH_PATHS = "$(inherited) @executable_path/Frameworks @loader_path/Frameworks";
				PRODUCT_BUNDLE_IDENTIFIER = com.mycompany.myapp.UIPinchGestureUITests;
				PRODUCT_NAME = "$(TARGET_NAME)";
				SWIFT_VERSION = 4.0;
				TARGETED_DEVICE_FAMILY = "1,2";
				TEST_TARGET_NAME = UIPinchGesture;
			};
			name = Release;
		};
/* End XCBuildConfiguration section */

/* Begin XCConfigurationList section */
		68989D85204EC8A400BB0B74 /* Build configuration list for PBXProject "UIPinchGesture" */ = {
			isa = XCConfigurationList;
			buildConfigurations = (
				68989DB0204EC8A500BB0B74 /* Debug */,
				68989DB1204EC8A500BB0B74 /* Release */,
			);
			defaultConfigurationIsVisible = 0;
			defaultConfigurationName = Release;
		};
		68989DB2204EC8A500BB0B74 /* Build configuration list for PBXNativeTarget "UIPinchGesture" */ = {
			isa = XCConfigurationList;
			buildConfigurations = (
				68989DB3204EC8A500BB0B74 /* Debug */,
				68989DB4204EC8A500BB0B74 /* Release */,
			);
			defaultConfigurationIsVisible = 0;
			defaultConfigurationName = Release;
		};
		68989DB5204EC8A500BB0B74 /* Build configuration list for PBXNativeTarget "UIPinchGestureTests" */ = {
			isa = XCConfigurationList;
			buildConfigurations = (
				68989DB6204EC8A500BB0B74 /* Debug */,
				68989DB7204EC8A500BB0B74 /* Release */,
			);
			defaultConfigurationIsVisible = 0;
			defaultConfigurationName = Release;
		};
		68989DB8204EC8A500BB0B74 /* Build configuration list for PBXNativeTarget "UIPinchGestureUITests" */ = {
			isa = XCConfigurationList;
			buildConfigurations = (
				68989DB9204EC8A500BB0B74 /* Debug */,
				68989DBA204EC8A500BB0B74 /* Release */,
			);
			defaultConfigurationIsVisible = 0;
			defaultConfigurationName = Release;
		};
/* End XCConfigurationList section */
	};
	rootObject = 68989D82204EC8A400BB0B74 /* Project object */;
}
